
Microsoft Visual Studio Solution File, Format Version 12.00
# Visual Studio Version 17
VisualStudioVersion = 17.9.34728.123
MinimumVisualStudioVersion = 10.0.40219.1
Project("{9A19103F-16F7-4668-BE54-9A1E7A4F7556}") = "JulianaSosaGestorPacientesWeb", "JulianaSosaGestorPacientesWeb\JulianaSosaGestorPacientesWeb.csproj", "{0A468EE9-8475-42CB-A2BA-646F360CFC14}"
EndProject
Project("{FAE04EC0-301F-11D3-BF4B-00C04F79EFBC}") = "JSPacientesAPI", "JSPacientesAPI\JSPacientesAPI.csproj", "{16A5B7F8-88AD-4B93-9CBC-565249301B7E}"
EndProject
Global
	GlobalSection(SolutionConfigurationPlatforms) = preSolution
		Debug|Any CPU = Debug|Any CPU
		Release|Any CPU = Release|Any CPU
	EndGlobalSection
	GlobalSection(ProjectConfigurationPlatforms) = postSolution
		{0A468EE9-8475-42CB-A2BA-646F360CFC14}.Debug|Any CPU.ActiveCfg = Debug|Any CPU
		{0A468EE9-8475-42CB-A2BA-646F360CFC14}.Debug|Any CPU.Build.0 = Debug|Any CPU
		{0A468EE9-8475-42CB-A2BA-646F360CFC14}.Release|Any CPU.ActiveCfg = Release|Any CPU
		{0A468EE9-8475-42CB-A2BA-646F360CFC14}.Release|Any CPU.Build.0 = Release|Any CPU
		{16A5B7F8-88AD-4B93-9CBC-565249301B7E}.Debug|Any CPU.ActiveCfg = Debug|Any CPU
		{16A5B7F8-88AD-4B93-9CBC-565249301B7E}.Debug|Any CPU.Build.0 = Debug|Any CPU
		{16A5B7F8-88AD-4B93-9CBC-565249301B7E}.Release|Any CPU.ActiveCfg = Release|Any CPU
		{16A5B7F8-88AD-4B93-9CBC-565249301B7E}.Release|Any CPU.Build.0 = Release|Any CPU
	EndGlobalSection
	GlobalSection(SolutionProperties) = preSolution
		HideSolutionNode = FALSE
	EndGlobalSection
	GlobalSection(ExtensibilityGlobals) = postSolution
		SolutionGuid = {F67132CC-D309-41D8-9C00-AF449B375E0D}
	EndGlobalSection
EndGlobal
